// !$*UTF8*$!
{
	archiveVersion = 1;
	classes = {
	};
	objectVersion = 46;
	objects = {

/* Begin PBXBuildFile section */
		14F99E051E1E7EA1008D6DAE /* AppDelegate.swift in Sources */ = {isa = PBXBuildFile; fileRef = 14F99E041E1E7EA1008D6DAE /* AppDelegate.swift */; };
		14F99E071E1E7EA1008D6DAE /* EntryViewController.swift in Sources */ = {isa = PBXBuildFile; fileRef = 14F99E061E1E7EA1008D6DAE /* EntryViewController.swift */; };
		14F99E0A1E1E7EA1008D6DAE /* Main.storyboard in Resources */ = {isa = PBXBuildFile; fileRef = 14F99E081E1E7EA1008D6DAE /* Main.storyboard */; };
		14F99E0C1E1E7EA1008D6DAE /* Assets.xcassets in Resources */ = {isa = PBXBuildFile; fileRef = 14F99E0B1E1E7EA1008D6DAE /* Assets.xcassets */; };
		14F99E0F1E1E7EA1008D6DAE /* LaunchScreen.storyboard in Resources */ = {isa = PBXBuildFile; fileRef = 14F99E0D1E1E7EA1008D6DAE /* LaunchScreen.storyboard */; };
		14F99E251E1E7EA1008D6DAE /* ThingsUITests.swift in Sources */ = {isa = PBXBuildFile; fileRef = 14F99E241E1E7EA1008D6DAE /* ThingsUITests.swift */; };
		14F99E331E1F35B2008D6DAE /* GoalsManager.swift in Sources */ = {isa = PBXBuildFile; fileRef = 14F99E321E1F35B2008D6DAE /* GoalsManager.swift */; };
		14F99E351E1F36D9008D6DAE /* GoalsManagerTests.swift in Sources */ = {isa = PBXBuildFile; fileRef = 14F99E341E1F36D9008D6DAE /* GoalsManagerTests.swift */; };
		14F99E3E1E1FF831008D6DAE /* NotificationCenter.framework in Frameworks */ = {isa = PBXBuildFile; fileRef = 14F99E3D1E1FF831008D6DAE /* NotificationCenter.framework */; };
		14F99E411E1FF831008D6DAE /* TodayViewController.swift in Sources */ = {isa = PBXBuildFile; fileRef = 14F99E401E1FF831008D6DAE /* TodayViewController.swift */; };
		14F99E441E1FF831008D6DAE /* MainInterface.storyboard in Resources */ = {isa = PBXBuildFile; fileRef = 14F99E421E1FF831008D6DAE /* MainInterface.storyboard */; };
		14F99E481E1FF831008D6DAE /* 3things Today.appex in Embed App Extensions */ = {isa = PBXBuildFile; fileRef = 14F99E3B1E1FF831008D6DAE /* 3things Today.appex */; settings = {ATTRIBUTES = (RemoveHeadersOnCopy, ); }; };
		14F99E4D1E1FF8BA008D6DAE /* GoalsManager.swift in Sources */ = {isa = PBXBuildFile; fileRef = 14F99E321E1F35B2008D6DAE /* GoalsManager.swift */; };
		32220FDB1E42DC6800619C0C /* AudioManager.swift in Sources */ = {isa = PBXBuildFile; fileRef = 32220FDA1E42DC6800619C0C /* AudioManager.swift */; };
		323556DB1E2918AD00453A34 /* BEMAnimationManager.m in Sources */ = {isa = PBXBuildFile; fileRef = 323556D41E2918AD00453A34 /* BEMAnimationManager.m */; };
		323556DC1E2918AD00453A34 /* BEMCheckBox.m in Sources */ = {isa = PBXBuildFile; fileRef = 323556D61E2918AD00453A34 /* BEMCheckBox.m */; };
		323556DD1E2918AD00453A34 /* BEMCheckBoxGroup.m in Sources */ = {isa = PBXBuildFile; fileRef = 323556D81E2918AD00453A34 /* BEMCheckBoxGroup.m */; };
		323556DE1E2918AD00453A34 /* BEMPathManager.m in Sources */ = {isa = PBXBuildFile; fileRef = 323556DA1E2918AD00453A34 /* BEMPathManager.m */; };
		323556DF1E29E04900453A34 /* BEMAnimationManager.m in Sources */ = {isa = PBXBuildFile; fileRef = 323556D41E2918AD00453A34 /* BEMAnimationManager.m */; };
		323556E01E29E04900453A34 /* BEMCheckBox.m in Sources */ = {isa = PBXBuildFile; fileRef = 323556D61E2918AD00453A34 /* BEMCheckBox.m */; };
		323556E11E29E04900453A34 /* BEMCheckBoxGroup.m in Sources */ = {isa = PBXBuildFile; fileRef = 323556D81E2918AD00453A34 /* BEMCheckBoxGroup.m */; };
		323556E21E29E04900453A34 /* BEMPathManager.m in Sources */ = {isa = PBXBuildFile; fileRef = 323556DA1E2918AD00453A34 /* BEMPathManager.m */; };
		323556E81E2C2F0800453A34 /* PropertyListReadable.swift in Sources */ = {isa = PBXBuildFile; fileRef = 323556E71E2C2F0800453A34 /* PropertyListReadable.swift */; };
		323556EA1E2C2F3500453A34 /* Goal.swift in Sources */ = {isa = PBXBuildFile; fileRef = 323556E91E2C2F3500453A34 /* Goal.swift */; };
		323556EB1E2C31BF00453A34 /* Goal.swift in Sources */ = {isa = PBXBuildFile; fileRef = 323556E91E2C2F3500453A34 /* Goal.swift */; };
		323556EE1E2C31D000453A34 /* PropertyListReadable.swift in Sources */ = {isa = PBXBuildFile; fileRef = 323556E71E2C2F0800453A34 /* PropertyListReadable.swift */; };
		323556EF1E2C31E800453A34 /* PropertyListReadable.swift in Sources */ = {isa = PBXBuildFile; fileRef = 323556E71E2C2F0800453A34 /* PropertyListReadable.swift */; };
		326C75A21E3B9E6B00278758 /* ProductivityQuotes.plist in Resources */ = {isa = PBXBuildFile; fileRef = 326C75A11E3B9E6B00278758 /* ProductivityQuotes.plist */; };
		326C75A41E3BAB8800278758 /* Quote.swift in Sources */ = {isa = PBXBuildFile; fileRef = 326C75A31E3BAB8800278758 /* Quote.swift */; };
		326C75A71E3BAE9900278758 /* QuotesManager.swift in Sources */ = {isa = PBXBuildFile; fileRef = 326C75A61E3BAE9900278758 /* QuotesManager.swift */; };
		326C75A91E3BB23A00278758 /* QuotesManagerTests.swift in Sources */ = {isa = PBXBuildFile; fileRef = 326C75A81E3BB23A00278758 /* QuotesManagerTests.swift */; };
		326C75AB1E3BB39600278758 /* Array.swift in Sources */ = {isa = PBXBuildFile; fileRef = 326C75AA1E3BB39600278758 /* Array.swift */; };
		326D66C41E2EAF8D0070090E /* .swiftlint.yml in Resources */ = {isa = PBXBuildFile; fileRef = 326D66C31E2EAF8D0070090E /* .swiftlint.yml */; };
		32781FE31E25D61B0097B9A9 /* NotificationsManager.swift in Sources */ = {isa = PBXBuildFile; fileRef = 32781FE21E25D61B0097B9A9 /* NotificationsManager.swift */; };
		32A3062F1E4B84370010D2AC /* SharingManager.swift in Sources */ = {isa = PBXBuildFile; fileRef = 32A3062E1E4B84370010D2AC /* SharingManager.swift */; };
		32EEDA3A1E578E59009FC6C2 /* 3things-alert.aif in Resources */ = {isa = PBXBuildFile; fileRef = 32EEDA371E578E59009FC6C2 /* 3things-alert.aif */; };
		32EEDA3B1E578E59009FC6C2 /* 3things-alert.aif in Resources */ = {isa = PBXBuildFile; fileRef = 32EEDA371E578E59009FC6C2 /* 3things-alert.aif */; };
		32EEDA3C1E578E59009FC6C2 /* CheckOff.aif in Resources */ = {isa = PBXBuildFile; fileRef = 32EEDA381E578E59009FC6C2 /* CheckOff.aif */; };
		32EEDA3D1E578E59009FC6C2 /* CheckOff.aif in Resources */ = {isa = PBXBuildFile; fileRef = 32EEDA381E578E59009FC6C2 /* CheckOff.aif */; };
		32EEDA3E1E578E59009FC6C2 /* CheckOn.aif in Resources */ = {isa = PBXBuildFile; fileRef = 32EEDA391E578E59009FC6C2 /* CheckOn.aif */; };
		32EEDA3F1E578E59009FC6C2 /* CheckOn.aif in Resources */ = {isa = PBXBuildFile; fileRef = 32EEDA391E578E59009FC6C2 /* CheckOn.aif */; };
		32F883921E43BA5F0011EF4B /* AudioManager.swift in Sources */ = {isa = PBXBuildFile; fileRef = 32220FDA1E42DC6800619C0C /* AudioManager.swift */; };
		32F883941E49380A0011EF4B /* OnboardingManager.swift in Sources */ = {isa = PBXBuildFile; fileRef = 32F883931E49380A0011EF4B /* OnboardingManager.swift */; };
		32F883961E493AB70011EF4B /* PreferencesManager.swift in Sources */ = {isa = PBXBuildFile; fileRef = 32F883951E493AB70011EF4B /* PreferencesManager.swift */; };
		32F883971E493AB70011EF4B /* PreferencesManager.swift in Sources */ = {isa = PBXBuildFile; fileRef = 32F883951E493AB70011EF4B /* PreferencesManager.swift */; };
		32F8839A1E493ED20011EF4B /* AppScopeFactory.swift in Sources */ = {isa = PBXBuildFile; fileRef = 32F883991E493ED20011EF4B /* AppScopeFactory.swift */; };
		32F8839F1E49D7290011EF4B /* ExtensionScopeFactory.swift in Sources */ = {isa = PBXBuildFile; fileRef = 32F8839E1E49D7290011EF4B /* ExtensionScopeFactory.swift */; };
		32F883A01E49D7290011EF4B /* ExtensionScopeFactory.swift in Sources */ = {isa = PBXBuildFile; fileRef = 32F8839E1E49D7290011EF4B /* ExtensionScopeFactory.swift */; };
		32F883A21E4A09FD0011EF4B /* PreferencesManagerTests.swift in Sources */ = {isa = PBXBuildFile; fileRef = 32F883A11E4A09FD0011EF4B /* PreferencesManagerTests.swift */; };
		32FFF1321E313BFC006554D0 /* NotificationsManagerTests.swift in Sources */ = {isa = PBXBuildFile; fileRef = 32FFF1311E313BFC006554D0 /* NotificationsManagerTests.swift */; };
		32FFF1361E366EF9006554D0 /* Date.swift in Sources */ = {isa = PBXBuildFile; fileRef = 32FFF1351E366EF9006554D0 /* Date.swift */; };
		32FFF1381E3674D2006554D0 /* DateExtensionTests.swift in Sources */ = {isa = PBXBuildFile; fileRef = 32FFF1371E3674D2006554D0 /* DateExtensionTests.swift */; };
		32FFF1401E38F8CF006554D0 /* ThingsScreenshots.swift in Sources */ = {isa = PBXBuildFile; fileRef = 32FFF13F1E38F8CF006554D0 /* ThingsScreenshots.swift */; };
		32FFF1481E38F8F6006554D0 /* SnapshotHelper.swift in Sources */ = {isa = PBXBuildFile; fileRef = 32FFF1471E38F8F6006554D0 /* SnapshotHelper.swift */; };
/* End PBXBuildFile section */

/* Begin PBXContainerItemProxy section */
		14F99E161E1E7EA1008D6DAE /* PBXContainerItemProxy */ = {
			isa = PBXContainerItemProxy;
			containerPortal = 14F99DF91E1E7EA1008D6DAE /* Project object */;
			proxyType = 1;
			remoteGlobalIDString = 14F99E001E1E7EA1008D6DAE;
			remoteInfo = 3things;
		};
		14F99E211E1E7EA1008D6DAE /* PBXContainerItemProxy */ = {
			isa = PBXContainerItemProxy;
			containerPortal = 14F99DF91E1E7EA1008D6DAE /* Project object */;
			proxyType = 1;
			remoteGlobalIDString = 14F99E001E1E7EA1008D6DAE;
			remoteInfo = 3things;
		};
		14F99E461E1FF831008D6DAE /* PBXContainerItemProxy */ = {
			isa = PBXContainerItemProxy;
			containerPortal = 14F99DF91E1E7EA1008D6DAE /* Project object */;
			proxyType = 1;
			remoteGlobalIDString = 14F99E3A1E1FF831008D6DAE;
			remoteInfo = "3things Today";
		};
		32FFF1421E38F8CF006554D0 /* PBXContainerItemProxy */ = {
			isa = PBXContainerItemProxy;
			containerPortal = 14F99DF91E1E7EA1008D6DAE /* Project object */;
			proxyType = 1;
			remoteGlobalIDString = 14F99E001E1E7EA1008D6DAE;
			remoteInfo = 3things;
		};
/* End PBXContainerItemProxy section */

/* Begin PBXCopyFilesBuildPhase section */
		14F99E4C1E1FF831008D6DAE /* Embed App Extensions */ = {
			isa = PBXCopyFilesBuildPhase;
			buildActionMask = 2147483647;
			dstPath = "";
			dstSubfolderSpec = 13;
			files = (
				14F99E481E1FF831008D6DAE /* 3things Today.appex in Embed App Extensions */,
			);
			name = "Embed App Extensions";
			runOnlyForDeploymentPostprocessing = 0;
		};
/* End PBXCopyFilesBuildPhase section */

/* Begin PBXFileReference section */
		14A3C0511E201DCF00362591 /* 3things Today.entitlements */ = {isa = PBXFileReference; lastKnownFileType = text.plist.entitlements; path = "3things Today.entitlements"; sourceTree = "<group>"; };
		14F99E011E1E7EA1008D6DAE /* 3things.app */ = {isa = PBXFileReference; explicitFileType = wrapper.application; includeInIndex = 0; path = 3things.app; sourceTree = BUILT_PRODUCTS_DIR; };
		14F99E041E1E7EA1008D6DAE /* AppDelegate.swift */ = {isa = PBXFileReference; lastKnownFileType = sourcecode.swift; path = AppDelegate.swift; sourceTree = "<group>"; };
		14F99E061E1E7EA1008D6DAE /* EntryViewController.swift */ = {isa = PBXFileReference; lastKnownFileType = sourcecode.swift; path = EntryViewController.swift; sourceTree = "<group>"; };
		14F99E091E1E7EA1008D6DAE /* Base */ = {isa = PBXFileReference; lastKnownFileType = file.storyboard; name = Base; path = Base.lproj/Main.storyboard; sourceTree = "<group>"; };
		14F99E0B1E1E7EA1008D6DAE /* Assets.xcassets */ = {isa = PBXFileReference; lastKnownFileType = folder.assetcatalog; path = Assets.xcassets; sourceTree = "<group>"; };
		14F99E0E1E1E7EA1008D6DAE /* Base */ = {isa = PBXFileReference; lastKnownFileType = file.storyboard; name = Base; path = Base.lproj/LaunchScreen.storyboard; sourceTree = "<group>"; };
		14F99E101E1E7EA1008D6DAE /* Info.plist */ = {isa = PBXFileReference; lastKnownFileType = text.plist.xml; path = Info.plist; sourceTree = "<group>"; };
		14F99E151E1E7EA1008D6DAE /* 3thingsTests.xctest */ = {isa = PBXFileReference; explicitFileType = wrapper.cfbundle; includeInIndex = 0; path = 3thingsTests.xctest; sourceTree = BUILT_PRODUCTS_DIR; };
		14F99E1B1E1E7EA1008D6DAE /* Info.plist */ = {isa = PBXFileReference; lastKnownFileType = text.plist.xml; path = Info.plist; sourceTree = "<group>"; };
		14F99E201E1E7EA1008D6DAE /* 3thingsUITests.xctest */ = {isa = PBXFileReference; explicitFileType = wrapper.cfbundle; includeInIndex = 0; path = 3thingsUITests.xctest; sourceTree = BUILT_PRODUCTS_DIR; };
		14F99E241E1E7EA1008D6DAE /* ThingsUITests.swift */ = {isa = PBXFileReference; lastKnownFileType = sourcecode.swift; path = ThingsUITests.swift; sourceTree = "<group>"; };
		14F99E261E1E7EA1008D6DAE /* Info.plist */ = {isa = PBXFileReference; lastKnownFileType = text.plist.xml; path = Info.plist; sourceTree = "<group>"; };
		14F99E321E1F35B2008D6DAE /* GoalsManager.swift */ = {isa = PBXFileReference; fileEncoding = 4; lastKnownFileType = sourcecode.swift; path = GoalsManager.swift; sourceTree = "<group>"; };
		14F99E341E1F36D9008D6DAE /* GoalsManagerTests.swift */ = {isa = PBXFileReference; fileEncoding = 4; lastKnownFileType = sourcecode.swift; path = GoalsManagerTests.swift; sourceTree = "<group>"; };
		14F99E3B1E1FF831008D6DAE /* 3things Today.appex */ = {isa = PBXFileReference; explicitFileType = "wrapper.app-extension"; includeInIndex = 0; path = "3things Today.appex"; sourceTree = BUILT_PRODUCTS_DIR; };
		14F99E3D1E1FF831008D6DAE /* NotificationCenter.framework */ = {isa = PBXFileReference; lastKnownFileType = wrapper.framework; name = NotificationCenter.framework; path = System/Library/Frameworks/NotificationCenter.framework; sourceTree = SDKROOT; };
		14F99E401E1FF831008D6DAE /* TodayViewController.swift */ = {isa = PBXFileReference; lastKnownFileType = sourcecode.swift; path = TodayViewController.swift; sourceTree = "<group>"; };
		14F99E431E1FF831008D6DAE /* Base */ = {isa = PBXFileReference; lastKnownFileType = file.storyboard; name = Base; path = Base.lproj/MainInterface.storyboard; sourceTree = "<group>"; };
		14F99E451E1FF831008D6DAE /* Info.plist */ = {isa = PBXFileReference; lastKnownFileType = text.plist.xml; path = Info.plist; sourceTree = "<group>"; };
		14F99E4E1E200771008D6DAE /* 3things.entitlements */ = {isa = PBXFileReference; lastKnownFileType = text.plist.entitlements; path = 3things.entitlements; sourceTree = "<group>"; };
		32220FDA1E42DC6800619C0C /* AudioManager.swift */ = {isa = PBXFileReference; fileEncoding = 4; lastKnownFileType = sourcecode.swift; path = AudioManager.swift; sourceTree = "<group>"; };
		323556CE1E29182300453A34 /* 3things-Bridging-Header.h */ = {isa = PBXFileReference; lastKnownFileType = sourcecode.c.h; path = "3things-Bridging-Header.h"; sourceTree = "<group>"; };
		323556D31E2918AD00453A34 /* BEMAnimationManager.h */ = {isa = PBXFileReference; fileEncoding = 4; lastKnownFileType = sourcecode.c.h; name = BEMAnimationManager.h; path = Library/BEMCheckBox/Classes/BEMAnimationManager.h; sourceTree = "<group>"; };
		323556D41E2918AD00453A34 /* BEMAnimationManager.m */ = {isa = PBXFileReference; fileEncoding = 4; lastKnownFileType = sourcecode.c.objc; name = BEMAnimationManager.m; path = Library/BEMCheckBox/Classes/BEMAnimationManager.m; sourceTree = "<group>"; };
		323556D51E2918AD00453A34 /* BEMCheckBox.h */ = {isa = PBXFileReference; fileEncoding = 4; lastKnownFileType = sourcecode.c.h; name = BEMCheckBox.h; path = Library/BEMCheckBox/Classes/BEMCheckBox.h; sourceTree = "<group>"; };
		323556D61E2918AD00453A34 /* BEMCheckBox.m */ = {isa = PBXFileReference; fileEncoding = 4; lastKnownFileType = sourcecode.c.objc; name = BEMCheckBox.m; path = Library/BEMCheckBox/Classes/BEMCheckBox.m; sourceTree = "<group>"; };
		323556D71E2918AD00453A34 /* BEMCheckBoxGroup.h */ = {isa = PBXFileReference; fileEncoding = 4; lastKnownFileType = sourcecode.c.h; name = BEMCheckBoxGroup.h; path = Library/BEMCheckBox/Classes/BEMCheckBoxGroup.h; sourceTree = "<group>"; };
		323556D81E2918AD00453A34 /* BEMCheckBoxGroup.m */ = {isa = PBXFileReference; fileEncoding = 4; lastKnownFileType = sourcecode.c.objc; name = BEMCheckBoxGroup.m; path = Library/BEMCheckBox/Classes/BEMCheckBoxGroup.m; sourceTree = "<group>"; };
		323556D91E2918AD00453A34 /* BEMPathManager.h */ = {isa = PBXFileReference; fileEncoding = 4; lastKnownFileType = sourcecode.c.h; name = BEMPathManager.h; path = Library/BEMCheckBox/Classes/BEMPathManager.h; sourceTree = "<group>"; };
		323556DA1E2918AD00453A34 /* BEMPathManager.m */ = {isa = PBXFileReference; fileEncoding = 4; lastKnownFileType = sourcecode.c.objc; name = BEMPathManager.m; path = Library/BEMCheckBox/Classes/BEMPathManager.m; sourceTree = "<group>"; };
		323556E71E2C2F0800453A34 /* PropertyListReadable.swift */ = {isa = PBXFileReference; fileEncoding = 4; lastKnownFileType = sourcecode.swift; path = PropertyListReadable.swift; sourceTree = "<group>"; };
		323556E91E2C2F3500453A34 /* Goal.swift */ = {isa = PBXFileReference; fileEncoding = 4; lastKnownFileType = sourcecode.swift; path = Goal.swift; sourceTree = "<group>"; };
		326C75A11E3B9E6B00278758 /* ProductivityQuotes.plist */ = {isa = PBXFileReference; fileEncoding = 4; lastKnownFileType = text.plist.xml; path = ProductivityQuotes.plist; sourceTree = "<group>"; };
		326C75A31E3BAB8800278758 /* Quote.swift */ = {isa = PBXFileReference; fileEncoding = 4; lastKnownFileType = sourcecode.swift; path = Quote.swift; sourceTree = "<group>"; };
		326C75A61E3BAE9900278758 /* QuotesManager.swift */ = {isa = PBXFileReference; fileEncoding = 4; lastKnownFileType = sourcecode.swift; path = QuotesManager.swift; sourceTree = "<group>"; };
		326C75A81E3BB23A00278758 /* QuotesManagerTests.swift */ = {isa = PBXFileReference; fileEncoding = 4; lastKnownFileType = sourcecode.swift; path = QuotesManagerTests.swift; sourceTree = "<group>"; };
		326C75AA1E3BB39600278758 /* Array.swift */ = {isa = PBXFileReference; fileEncoding = 4; lastKnownFileType = sourcecode.swift; path = Array.swift; sourceTree = "<group>"; };
		326D66C31E2EAF8D0070090E /* .swiftlint.yml */ = {isa = PBXFileReference; fileEncoding = 4; lastKnownFileType = text; path = .swiftlint.yml; sourceTree = "<group>"; };
		32781FE21E25D61B0097B9A9 /* NotificationsManager.swift */ = {isa = PBXFileReference; fileEncoding = 4; lastKnownFileType = sourcecode.swift; path = NotificationsManager.swift; sourceTree = "<group>"; };
		32A3062E1E4B84370010D2AC /* SharingManager.swift */ = {isa = PBXFileReference; fileEncoding = 4; lastKnownFileType = sourcecode.swift; path = SharingManager.swift; sourceTree = "<group>"; };
		32EEDA371E578E59009FC6C2 /* 3things-alert.aif */ = {isa = PBXFileReference; lastKnownFileType = file; path = "3things-alert.aif"; sourceTree = "<group>"; };
		32EEDA381E578E59009FC6C2 /* CheckOff.aif */ = {isa = PBXFileReference; lastKnownFileType = file; path = CheckOff.aif; sourceTree = "<group>"; };
		32EEDA391E578E59009FC6C2 /* CheckOn.aif */ = {isa = PBXFileReference; lastKnownFileType = file; path = CheckOn.aif; sourceTree = "<group>"; };
		32F883931E49380A0011EF4B /* OnboardingManager.swift */ = {isa = PBXFileReference; fileEncoding = 4; lastKnownFileType = sourcecode.swift; path = OnboardingManager.swift; sourceTree = "<group>"; };
		32F883951E493AB70011EF4B /* PreferencesManager.swift */ = {isa = PBXFileReference; fileEncoding = 4; lastKnownFileType = sourcecode.swift; path = PreferencesManager.swift; sourceTree = "<group>"; };
		32F883991E493ED20011EF4B /* AppScopeFactory.swift */ = {isa = PBXFileReference; fileEncoding = 4; lastKnownFileType = sourcecode.swift; path = AppScopeFactory.swift; sourceTree = "<group>"; };
		32F8839E1E49D7290011EF4B /* ExtensionScopeFactory.swift */ = {isa = PBXFileReference; fileEncoding = 4; lastKnownFileType = sourcecode.swift; path = ExtensionScopeFactory.swift; sourceTree = "<group>"; };
		32F883A11E4A09FD0011EF4B /* PreferencesManagerTests.swift */ = {isa = PBXFileReference; fileEncoding = 4; lastKnownFileType = sourcecode.swift; path = PreferencesManagerTests.swift; sourceTree = "<group>"; };
		32FFF1311E313BFC006554D0 /* NotificationsManagerTests.swift */ = {isa = PBXFileReference; fileEncoding = 4; lastKnownFileType = sourcecode.swift; path = NotificationsManagerTests.swift; sourceTree = "<group>"; };
		32FFF1351E366EF9006554D0 /* Date.swift */ = {isa = PBXFileReference; fileEncoding = 4; lastKnownFileType = sourcecode.swift; path = Date.swift; sourceTree = "<group>"; };
		32FFF1371E3674D2006554D0 /* DateExtensionTests.swift */ = {isa = PBXFileReference; fileEncoding = 4; lastKnownFileType = sourcecode.swift; path = DateExtensionTests.swift; sourceTree = "<group>"; };
		32FFF13D1E38F8CF006554D0 /* 3thingsScreenshots.xctest */ = {isa = PBXFileReference; explicitFileType = wrapper.cfbundle; includeInIndex = 0; path = 3thingsScreenshots.xctest; sourceTree = BUILT_PRODUCTS_DIR; };
		32FFF13F1E38F8CF006554D0 /* ThingsScreenshots.swift */ = {isa = PBXFileReference; lastKnownFileType = sourcecode.swift; path = ThingsScreenshots.swift; sourceTree = "<group>"; };
		32FFF1411E38F8CF006554D0 /* Info.plist */ = {isa = PBXFileReference; lastKnownFileType = text.plist.xml; path = Info.plist; sourceTree = "<group>"; };
		32FFF1471E38F8F6006554D0 /* SnapshotHelper.swift */ = {isa = PBXFileReference; fileEncoding = 4; lastKnownFileType = sourcecode.swift; path = SnapshotHelper.swift; sourceTree = "<group>"; };
/* End PBXFileReference section */

/* Begin PBXFrameworksBuildPhase section */
		14F99DFE1E1E7EA1008D6DAE /* Frameworks */ = {
			isa = PBXFrameworksBuildPhase;
			buildActionMask = 2147483647;
			files = (
			);
			runOnlyForDeploymentPostprocessing = 0;
		};
		14F99E121E1E7EA1008D6DAE /* Frameworks */ = {
			isa = PBXFrameworksBuildPhase;
			buildActionMask = 2147483647;
			files = (
			);
			runOnlyForDeploymentPostprocessing = 0;
		};
		14F99E1D1E1E7EA1008D6DAE /* Frameworks */ = {
			isa = PBXFrameworksBuildPhase;
			buildActionMask = 2147483647;
			files = (
			);
			runOnlyForDeploymentPostprocessing = 0;
		};
		14F99E381E1FF831008D6DAE /* Frameworks */ = {
			isa = PBXFrameworksBuildPhase;
			buildActionMask = 2147483647;
			files = (
				14F99E3E1E1FF831008D6DAE /* NotificationCenter.framework in Frameworks */,
			);
			runOnlyForDeploymentPostprocessing = 0;
		};
		32FFF13A1E38F8CF006554D0 /* Frameworks */ = {
			isa = PBXFrameworksBuildPhase;
			buildActionMask = 2147483647;
			files = (
			);
			runOnlyForDeploymentPostprocessing = 0;
		};
/* End PBXFrameworksBuildPhase section */

/* Begin PBXGroup section */
		14F99DF81E1E7EA1008D6DAE = {
			isa = PBXGroup;
			children = (
				14F99E031E1E7EA1008D6DAE /* 3things */,
				14F99E181E1E7EA1008D6DAE /* 3thingsTests */,
				14F99E231E1E7EA1008D6DAE /* 3thingsUITests */,
				14F99E3F1E1FF831008D6DAE /* 3things Today */,
				32FFF13E1E38F8CF006554D0 /* 3thingsScreenshots */,
				14F99E3C1E1FF831008D6DAE /* Frameworks */,
				32781FE51E25E5980097B9A9 /* Library */,
				14F99E021E1E7EA1008D6DAE /* Products */,
				326D66C31E2EAF8D0070090E /* .swiftlint.yml */,
			);
			sourceTree = "<group>";
		};
		14F99E021E1E7EA1008D6DAE /* Products */ = {
			isa = PBXGroup;
			children = (
				14F99E011E1E7EA1008D6DAE /* 3things.app */,
				14F99E151E1E7EA1008D6DAE /* 3thingsTests.xctest */,
				14F99E201E1E7EA1008D6DAE /* 3thingsUITests.xctest */,
				14F99E3B1E1FF831008D6DAE /* 3things Today.appex */,
				32FFF13D1E38F8CF006554D0 /* 3thingsScreenshots.xctest */,
			);
			name = Products;
			sourceTree = "<group>";
		};
		14F99E031E1E7EA1008D6DAE /* 3things */ = {
			isa = PBXGroup;
			children = (
				32F883981E493EC30011EF4B /* Factories */,
				32FFF1341E366EE3006554D0 /* Extensions */,
				323556E61E2C2EF300453A34 /* Models */,
				326C75A51E3BACCD00278758 /* Managers */,
				14F99E4E1E200771008D6DAE /* 3things.entitlements */,
				14F99E041E1E7EA1008D6DAE /* AppDelegate.swift */,
				14F99E061E1E7EA1008D6DAE /* EntryViewController.swift */,
				14F99E081E1E7EA1008D6DAE /* Main.storyboard */,
				14F99E0B1E1E7EA1008D6DAE /* Assets.xcassets */,
				14F99E0D1E1E7EA1008D6DAE /* LaunchScreen.storyboard */,
				14F99E101E1E7EA1008D6DAE /* Info.plist */,
				323556CE1E29182300453A34 /* 3things-Bridging-Header.h */,
				326C75A11E3B9E6B00278758 /* ProductivityQuotes.plist */,
			);
			path = 3things;
			sourceTree = "<group>";
		};
		14F99E181E1E7EA1008D6DAE /* 3thingsTests */ = {
			isa = PBXGroup;
			children = (
				14F99E1B1E1E7EA1008D6DAE /* Info.plist */,
				14F99E341E1F36D9008D6DAE /* GoalsManagerTests.swift */,
				32FFF1311E313BFC006554D0 /* NotificationsManagerTests.swift */,
				32FFF1371E3674D2006554D0 /* DateExtensionTests.swift */,
				326C75A81E3BB23A00278758 /* QuotesManagerTests.swift */,
				32F883A11E4A09FD0011EF4B /* PreferencesManagerTests.swift */,
			);
			path = 3thingsTests;
			sourceTree = "<group>";
		};
		14F99E231E1E7EA1008D6DAE /* 3thingsUITests */ = {
			isa = PBXGroup;
			children = (
				14F99E241E1E7EA1008D6DAE /* ThingsUITests.swift */,
				14F99E261E1E7EA1008D6DAE /* Info.plist */,
			);
			path = 3thingsUITests;
			sourceTree = "<group>";
		};
		14F99E3C1E1FF831008D6DAE /* Frameworks */ = {
			isa = PBXGroup;
			children = (
				14F99E3D1E1FF831008D6DAE /* NotificationCenter.framework */,
			);
			name = Frameworks;
			sourceTree = "<group>";
		};
		14F99E3F1E1FF831008D6DAE /* 3things Today */ = {
			isa = PBXGroup;
			children = (
				14A3C0511E201DCF00362591 /* 3things Today.entitlements */,
				14F99E401E1FF831008D6DAE /* TodayViewController.swift */,
				14F99E421E1FF831008D6DAE /* MainInterface.storyboard */,
				14F99E451E1FF831008D6DAE /* Info.plist */,
			);
			path = "3things Today";
			sourceTree = "<group>";
		};
		323556D21E29184600453A34 /* BEMCheckBox */ = {
			isa = PBXGroup;
			children = (
				323556D31E2918AD00453A34 /* BEMAnimationManager.h */,
				323556D41E2918AD00453A34 /* BEMAnimationManager.m */,
				323556D51E2918AD00453A34 /* BEMCheckBox.h */,
				323556D61E2918AD00453A34 /* BEMCheckBox.m */,
				323556D71E2918AD00453A34 /* BEMCheckBoxGroup.h */,
				323556D81E2918AD00453A34 /* BEMCheckBoxGroup.m */,
				323556D91E2918AD00453A34 /* BEMPathManager.h */,
				323556DA1E2918AD00453A34 /* BEMPathManager.m */,
			);
			name = BEMCheckBox;
			sourceTree = "<group>";
		};
		323556E61E2C2EF300453A34 /* Models */ = {
			isa = PBXGroup;
			children = (
				323556E71E2C2F0800453A34 /* PropertyListReadable.swift */,
				323556E91E2C2F3500453A34 /* Goal.swift */,
				326C75A31E3BAB8800278758 /* Quote.swift */,
			);
			name = Models;
			sourceTree = "<group>";
		};
		326C75A51E3BACCD00278758 /* Managers */ = {
			isa = PBXGroup;
			children = (
				14F99E321E1F35B2008D6DAE /* GoalsManager.swift */,
				32781FE21E25D61B0097B9A9 /* NotificationsManager.swift */,
				326C75A61E3BAE9900278758 /* QuotesManager.swift */,
				32220FDA1E42DC6800619C0C /* AudioManager.swift */,
				32F883931E49380A0011EF4B /* OnboardingManager.swift */,
				32F883951E493AB70011EF4B /* PreferencesManager.swift */,
				32A3062E1E4B84370010D2AC /* SharingManager.swift */,
			);
			name = Managers;
			sourceTree = "<group>";
		};
		32781FE51E25E5980097B9A9 /* Library */ = {
			isa = PBXGroup;
			children = (
				323556D21E29184600453A34 /* BEMCheckBox */,
				32781FE61E25E5A10097B9A9 /* Sounds */,
			);
			name = Library;
			sourceTree = "<group>";
		};
		32781FE61E25E5A10097B9A9 /* Sounds */ = {
			isa = PBXGroup;
			children = (
				32EEDA371E578E59009FC6C2 /* 3things-alert.aif */,
				32EEDA381E578E59009FC6C2 /* CheckOff.aif */,
				32EEDA391E578E59009FC6C2 /* CheckOn.aif */,
			);
			name = Sounds;
			sourceTree = "<group>";
		};
		32F883981E493EC30011EF4B /* Factories */ = {
			isa = PBXGroup;
			children = (
				32F883991E493ED20011EF4B /* AppScopeFactory.swift */,
				32F8839E1E49D7290011EF4B /* ExtensionScopeFactory.swift */,
			);
			name = Factories;
			sourceTree = "<group>";
		};
		32FFF1341E366EE3006554D0 /* Extensions */ = {
			isa = PBXGroup;
			children = (
				32FFF1351E366EF9006554D0 /* Date.swift */,
				326C75AA1E3BB39600278758 /* Array.swift */,
			);
			name = Extensions;
			sourceTree = "<group>";
		};
		32FFF13E1E38F8CF006554D0 /* 3thingsScreenshots */ = {
			isa = PBXGroup;
			children = (
				32FFF1471E38F8F6006554D0 /* SnapshotHelper.swift */,
				32FFF13F1E38F8CF006554D0 /* ThingsScreenshots.swift */,
				32FFF1411E38F8CF006554D0 /* Info.plist */,
			);
			path = 3thingsScreenshots;
			sourceTree = "<group>";
		};
/* End PBXGroup section */

/* Begin PBXNativeTarget section */
		14F99E001E1E7EA1008D6DAE /* 3things */ = {
			isa = PBXNativeTarget;
			buildConfigurationList = 14F99E291E1E7EA1008D6DAE /* Build configuration list for PBXNativeTarget "3things" */;
			buildPhases = (
				326D66C21E2EA4020070090E /* ShellScript */,
				14F99DFD1E1E7EA1008D6DAE /* Sources */,
				14F99DFE1E1E7EA1008D6DAE /* Frameworks */,
				14F99DFF1E1E7EA1008D6DAE /* Resources */,
				14F99E4C1E1FF831008D6DAE /* Embed App Extensions */,
			);
			buildRules = (
			);
			dependencies = (
				14F99E471E1FF831008D6DAE /* PBXTargetDependency */,
			);
			name = 3things;
			productName = 3things;
			productReference = 14F99E011E1E7EA1008D6DAE /* 3things.app */;
			productType = "com.apple.product-type.application";
		};
		14F99E141E1E7EA1008D6DAE /* 3thingsTests */ = {
			isa = PBXNativeTarget;
			buildConfigurationList = 14F99E2C1E1E7EA1008D6DAE /* Build configuration list for PBXNativeTarget "3thingsTests" */;
			buildPhases = (
				14F99E111E1E7EA1008D6DAE /* Sources */,
				14F99E121E1E7EA1008D6DAE /* Frameworks */,
				14F99E131E1E7EA1008D6DAE /* Resources */,
			);
			buildRules = (
			);
			dependencies = (
				14F99E171E1E7EA1008D6DAE /* PBXTargetDependency */,
			);
			name = 3thingsTests;
			productName = 3thingsTests;
			productReference = 14F99E151E1E7EA1008D6DAE /* 3thingsTests.xctest */;
			productType = "com.apple.product-type.bundle.unit-test";
		};
		14F99E1F1E1E7EA1008D6DAE /* 3thingsUITests */ = {
			isa = PBXNativeTarget;
			buildConfigurationList = 14F99E2F1E1E7EA1008D6DAE /* Build configuration list for PBXNativeTarget "3thingsUITests" */;
			buildPhases = (
				14F99E1C1E1E7EA1008D6DAE /* Sources */,
				14F99E1D1E1E7EA1008D6DAE /* Frameworks */,
				14F99E1E1E1E7EA1008D6DAE /* Resources */,
			);
			buildRules = (
			);
			dependencies = (
				14F99E221E1E7EA1008D6DAE /* PBXTargetDependency */,
			);
			name = 3thingsUITests;
			productName = 3thingsUITests;
			productReference = 14F99E201E1E7EA1008D6DAE /* 3thingsUITests.xctest */;
			productType = "com.apple.product-type.bundle.ui-testing";
		};
		14F99E3A1E1FF831008D6DAE /* 3things Today */ = {
			isa = PBXNativeTarget;
			buildConfigurationList = 14F99E491E1FF831008D6DAE /* Build configuration list for PBXNativeTarget "3things Today" */;
			buildPhases = (
				14F99E371E1FF831008D6DAE /* Sources */,
				14F99E381E1FF831008D6DAE /* Frameworks */,
				14F99E391E1FF831008D6DAE /* Resources */,
			);
			buildRules = (
			);
			dependencies = (
			);
			name = "3things Today";
			productName = "3things Today";
			productReference = 14F99E3B1E1FF831008D6DAE /* 3things Today.appex */;
			productType = "com.apple.product-type.app-extension";
		};
		32FFF13C1E38F8CF006554D0 /* 3thingsScreenshots */ = {
			isa = PBXNativeTarget;
			buildConfigurationList = 32FFF1441E38F8CF006554D0 /* Build configuration list for PBXNativeTarget "3thingsScreenshots" */;
			buildPhases = (
				32FFF1391E38F8CF006554D0 /* Sources */,
				32FFF13A1E38F8CF006554D0 /* Frameworks */,
				32FFF13B1E38F8CF006554D0 /* Resources */,
			);
			buildRules = (
			);
			dependencies = (
				32FFF1431E38F8CF006554D0 /* PBXTargetDependency */,
			);
			name = 3thingsScreenshots;
			productName = 3thingsScreenshots;
			productReference = 32FFF13D1E38F8CF006554D0 /* 3thingsScreenshots.xctest */;
			productType = "com.apple.product-type.bundle.ui-testing";
		};
/* End PBXNativeTarget section */

/* Begin PBXProject section */
		14F99DF91E1E7EA1008D6DAE /* Project object */ = {
			isa = PBXProject;
			attributes = {
				LastSwiftUpdateCheck = 0820;
				LastUpgradeCheck = 1130;
				ORGANIZATIONNAME = "Sean McMains";
				TargetAttributes = {
					14F99E001E1E7EA1008D6DAE = {
						CreatedOnToolsVersion = 8.0;
						DevelopmentTeam = 4U7FD3V45R;
						LastSwiftMigration = 1130;
						ProvisioningStyle = Automatic;
						SystemCapabilities = {
							com.apple.ApplicationGroups.iOS = {
								enabled = 1;
							};
						};
					};
					14F99E141E1E7EA1008D6DAE = {
						CreatedOnToolsVersion = 8.0;
						DevelopmentTeam = 4U7FD3V45R;
						LastSwiftMigration = 1130;
						ProvisioningStyle = Automatic;
						TestTargetID = 14F99E001E1E7EA1008D6DAE;
					};
					14F99E1F1E1E7EA1008D6DAE = {
						CreatedOnToolsVersion = 8.0;
						LastSwiftMigration = 1130;
						ProvisioningStyle = Automatic;
						TestTargetID = 14F99E001E1E7EA1008D6DAE;
					};
					14F99E3A1E1FF831008D6DAE = {
						CreatedOnToolsVersion = 8.0;
						DevelopmentTeam = 4U7FD3V45R;
						LastSwiftMigration = 1130;
						ProvisioningStyle = Automatic;
						SystemCapabilities = {
							com.apple.ApplicationGroups.iOS = {
								enabled = 1;
							};
						};
					};
					32FFF13C1E38F8CF006554D0 = {
						CreatedOnToolsVersion = 8.2.1;
						DevelopmentTeam = 4U7FD3V45R;
						ProvisioningStyle = Automatic;
						TestTargetID = 14F99E001E1E7EA1008D6DAE;
					};
				};
			};
			buildConfigurationList = 14F99DFC1E1E7EA1008D6DAE /* Build configuration list for PBXProject "3things" */;
			compatibilityVersion = "Xcode 3.2";
			developmentRegion = en;
			hasScannedForEncodings = 0;
			knownRegions = (
				en,
				Base,
			);
			mainGroup = 14F99DF81E1E7EA1008D6DAE;
			productRefGroup = 14F99E021E1E7EA1008D6DAE /* Products */;
			projectDirPath = "";
			projectRoot = "";
			targets = (
				14F99E001E1E7EA1008D6DAE /* 3things */,
				14F99E141E1E7EA1008D6DAE /* 3thingsTests */,
				14F99E1F1E1E7EA1008D6DAE /* 3thingsUITests */,
				14F99E3A1E1FF831008D6DAE /* 3things Today */,
				32FFF13C1E38F8CF006554D0 /* 3thingsScreenshots */,
			);
		};
/* End PBXProject section */

/* Begin PBXResourcesBuildPhase section */
		14F99DFF1E1E7EA1008D6DAE /* Resources */ = {
			isa = PBXResourcesBuildPhase;
			buildActionMask = 2147483647;
			files = (
				32EEDA3A1E578E59009FC6C2 /* 3things-alert.aif in Resources */,
				326D66C41E2EAF8D0070090E /* .swiftlint.yml in Resources */,
				14F99E0F1E1E7EA1008D6DAE /* LaunchScreen.storyboard in Resources */,
				14F99E0C1E1E7EA1008D6DAE /* Assets.xcassets in Resources */,
				32EEDA3E1E578E59009FC6C2 /* CheckOn.aif in Resources */,
				326C75A21E3B9E6B00278758 /* ProductivityQuotes.plist in Resources */,
				14F99E0A1E1E7EA1008D6DAE /* Main.storyboard in Resources */,
				32EEDA3C1E578E59009FC6C2 /* CheckOff.aif in Resources */,
			);
			runOnlyForDeploymentPostprocessing = 0;
		};
		14F99E131E1E7EA1008D6DAE /* Resources */ = {
			isa = PBXResourcesBuildPhase;
			buildActionMask = 2147483647;
			files = (
			);
			runOnlyForDeploymentPostprocessing = 0;
		};
		14F99E1E1E1E7EA1008D6DAE /* Resources */ = {
			isa = PBXResourcesBuildPhase;
			buildActionMask = 2147483647;
			files = (
			);
			runOnlyForDeploymentPostprocessing = 0;
		};
		14F99E391E1FF831008D6DAE /* Resources */ = {
			isa = PBXResourcesBuildPhase;
			buildActionMask = 2147483647;
			files = (
				32EEDA3F1E578E59009FC6C2 /* CheckOn.aif in Resources */,
				32EEDA3B1E578E59009FC6C2 /* 3things-alert.aif in Resources */,
				32EEDA3D1E578E59009FC6C2 /* CheckOff.aif in Resources */,
				14F99E441E1FF831008D6DAE /* MainInterface.storyboard in Resources */,
			);
			runOnlyForDeploymentPostprocessing = 0;
		};
		32FFF13B1E38F8CF006554D0 /* Resources */ = {
			isa = PBXResourcesBuildPhase;
			buildActionMask = 2147483647;
			files = (
			);
			runOnlyForDeploymentPostprocessing = 0;
		};
/* End PBXResourcesBuildPhase section */

/* Begin PBXShellScriptBuildPhase section */
		326D66C21E2EA4020070090E /* ShellScript */ = {
			isa = PBXShellScriptBuildPhase;
			buildActionMask = 2147483647;
			files = (
			);
			inputPaths = (
			);
			outputPaths = (
			);
			runOnlyForDeploymentPostprocessing = 0;
			shellPath = /bin/sh;
			shellScript = "if which swiftlint >/dev/null; then\nswiftlint\nelse\necho \"warning: SwiftLint not installed, download from https://github.com/realm/SwiftLint\"\nfi";
		};
/* End PBXShellScriptBuildPhase section */

/* Begin PBXSourcesBuildPhase section */
		14F99DFD1E1E7EA1008D6DAE /* Sources */ = {
			isa = PBXSourcesBuildPhase;
			buildActionMask = 2147483647;
			files = (
				32F883941E49380A0011EF4B /* OnboardingManager.swift in Sources */,
				32F8839A1E493ED20011EF4B /* AppScopeFactory.swift in Sources */,
				14F99E071E1E7EA1008D6DAE /* EntryViewController.swift in Sources */,
				323556E81E2C2F0800453A34 /* PropertyListReadable.swift in Sources */,
				323556DB1E2918AD00453A34 /* BEMAnimationManager.m in Sources */,
				32F8839F1E49D7290011EF4B /* ExtensionScopeFactory.swift in Sources */,
				32F883961E493AB70011EF4B /* PreferencesManager.swift in Sources */,
				32220FDB1E42DC6800619C0C /* AudioManager.swift in Sources */,
				323556DD1E2918AD00453A34 /* BEMCheckBoxGroup.m in Sources */,
				326C75A41E3BAB8800278758 /* Quote.swift in Sources */,
				14F99E331E1F35B2008D6DAE /* GoalsManager.swift in Sources */,
				326C75A71E3BAE9900278758 /* QuotesManager.swift in Sources */,
				323556DC1E2918AD00453A34 /* BEMCheckBox.m in Sources */,
				32781FE31E25D61B0097B9A9 /* NotificationsManager.swift in Sources */,
				326C75AB1E3BB39600278758 /* Array.swift in Sources */,
				14F99E051E1E7EA1008D6DAE /* AppDelegate.swift in Sources */,
				32FFF1361E366EF9006554D0 /* Date.swift in Sources */,
				323556EA1E2C2F3500453A34 /* Goal.swift in Sources */,
				32A3062F1E4B84370010D2AC /* SharingManager.swift in Sources */,
				323556DE1E2918AD00453A34 /* BEMPathManager.m in Sources */,
			);
			runOnlyForDeploymentPostprocessing = 0;
		};
		14F99E111E1E7EA1008D6DAE /* Sources */ = {
			isa = PBXSourcesBuildPhase;
			buildActionMask = 2147483647;
			files = (
				32F883A21E4A09FD0011EF4B /* PreferencesManagerTests.swift in Sources */,
				326C75A91E3BB23A00278758 /* QuotesManagerTests.swift in Sources */,
				32FFF1381E3674D2006554D0 /* DateExtensionTests.swift in Sources */,
				323556EF1E2C31E800453A34 /* PropertyListReadable.swift in Sources */,
				14F99E351E1F36D9008D6DAE /* GoalsManagerTests.swift in Sources */,
				32FFF1321E313BFC006554D0 /* NotificationsManagerTests.swift in Sources */,
			);
			runOnlyForDeploymentPostprocessing = 0;
		};
		14F99E1C1E1E7EA1008D6DAE /* Sources */ = {
			isa = PBXSourcesBuildPhase;
			buildActionMask = 2147483647;
			files = (
				14F99E251E1E7EA1008D6DAE /* ThingsUITests.swift in Sources */,
			);
			runOnlyForDeploymentPostprocessing = 0;
		};
		14F99E371E1FF831008D6DAE /* Sources */ = {
			isa = PBXSourcesBuildPhase;
			buildActionMask = 2147483647;
			files = (
				32F883971E493AB70011EF4B /* PreferencesManager.swift in Sources */,
				32F883A01E49D7290011EF4B /* ExtensionScopeFactory.swift in Sources */,
				14F99E4D1E1FF8BA008D6DAE /* GoalsManager.swift in Sources */,
				323556E21E29E04900453A34 /* BEMPathManager.m in Sources */,
				14F99E411E1FF831008D6DAE /* TodayViewController.swift in Sources */,
				323556DF1E29E04900453A34 /* BEMAnimationManager.m in Sources */,
				323556E11E29E04900453A34 /* BEMCheckBoxGroup.m in Sources */,
				323556E01E29E04900453A34 /* BEMCheckBox.m in Sources */,
				32F883921E43BA5F0011EF4B /* AudioManager.swift in Sources */,
				323556EE1E2C31D000453A34 /* PropertyListReadable.swift in Sources */,
				323556EB1E2C31BF00453A34 /* Goal.swift in Sources */,
			);
			runOnlyForDeploymentPostprocessing = 0;
		};
		32FFF1391E38F8CF006554D0 /* Sources */ = {
			isa = PBXSourcesBuildPhase;
			buildActionMask = 2147483647;
			files = (
				32FFF1401E38F8CF006554D0 /* ThingsScreenshots.swift in Sources */,
				32FFF1481E38F8F6006554D0 /* SnapshotHelper.swift in Sources */,
			);
			runOnlyForDeploymentPostprocessing = 0;
		};
/* End PBXSourcesBuildPhase section */

/* Begin PBXTargetDependency section */
		14F99E171E1E7EA1008D6DAE /* PBXTargetDependency */ = {
			isa = PBXTargetDependency;
			target = 14F99E001E1E7EA1008D6DAE /* 3things */;
			targetProxy = 14F99E161E1E7EA1008D6DAE /* PBXContainerItemProxy */;
		};
		14F99E221E1E7EA1008D6DAE /* PBXTargetDependency */ = {
			isa = PBXTargetDependency;
			target = 14F99E001E1E7EA1008D6DAE /* 3things */;
			targetProxy = 14F99E211E1E7EA1008D6DAE /* PBXContainerItemProxy */;
		};
		14F99E471E1FF831008D6DAE /* PBXTargetDependency */ = {
			isa = PBXTargetDependency;
			target = 14F99E3A1E1FF831008D6DAE /* 3things Today */;
			targetProxy = 14F99E461E1FF831008D6DAE /* PBXContainerItemProxy */;
		};
		32FFF1431E38F8CF006554D0 /* PBXTargetDependency */ = {
			isa = PBXTargetDependency;
			target = 14F99E001E1E7EA1008D6DAE /* 3things */;
			targetProxy = 32FFF1421E38F8CF006554D0 /* PBXContainerItemProxy */;
		};
/* End PBXTargetDependency section */

/* Begin PBXVariantGroup section */
		14F99E081E1E7EA1008D6DAE /* Main.storyboard */ = {
			isa = PBXVariantGroup;
			children = (
				14F99E091E1E7EA1008D6DAE /* Base */,
			);
			name = Main.storyboard;
			sourceTree = "<group>";
		};
		14F99E0D1E1E7EA1008D6DAE /* LaunchScreen.storyboard */ = {
			isa = PBXVariantGroup;
			children = (
				14F99E0E1E1E7EA1008D6DAE /* Base */,
			);
			name = LaunchScreen.storyboard;
			sourceTree = "<group>";
		};
		14F99E421E1FF831008D6DAE /* MainInterface.storyboard */ = {
			isa = PBXVariantGroup;
			children = (
				14F99E431E1FF831008D6DAE /* Base */,
			);
			name = MainInterface.storyboard;
			sourceTree = "<group>";
		};
/* End PBXVariantGroup section */

/* Begin XCBuildConfiguration section */
		14F99E271E1E7EA1008D6DAE /* Debug */ = {
			isa = XCBuildConfiguration;
			buildSettings = {
				ALWAYS_SEARCH_USER_PATHS = NO;
				CLANG_ANALYZER_LOCALIZABILITY_NONLOCALIZED = YES;
				CLANG_ANALYZER_NONNULL = YES;
				CLANG_CXX_LANGUAGE_STANDARD = "gnu++0x";
				CLANG_CXX_LIBRARY = "libc++";
				CLANG_ENABLE_MODULES = YES;
				CLANG_ENABLE_OBJC_ARC = YES;
				CLANG_WARN_BLOCK_CAPTURE_AUTORELEASING = YES;
				CLANG_WARN_BOOL_CONVERSION = YES;
				CLANG_WARN_COMMA = YES;
				CLANG_WARN_CONSTANT_CONVERSION = YES;
				CLANG_WARN_DEPRECATED_OBJC_IMPLEMENTATIONS = YES;
				CLANG_WARN_DIRECT_OBJC_ISA_USAGE = YES_ERROR;
				CLANG_WARN_DOCUMENTATION_COMMENTS = YES;
				CLANG_WARN_EMPTY_BODY = YES;
				CLANG_WARN_ENUM_CONVERSION = YES;
				CLANG_WARN_INFINITE_RECURSION = YES;
				CLANG_WARN_INT_CONVERSION = YES;
				CLANG_WARN_NON_LITERAL_NULL_CONVERSION = YES;
				CLANG_WARN_OBJC_IMPLICIT_RETAIN_SELF = YES;
				CLANG_WARN_OBJC_LITERAL_CONVERSION = YES;
				CLANG_WARN_OBJC_ROOT_CLASS = YES_ERROR;
				CLANG_WARN_RANGE_LOOP_ANALYSIS = YES;
				CLANG_WARN_STRICT_PROTOTYPES = YES;
				CLANG_WARN_SUSPICIOUS_MOVE = YES;
				CLANG_WARN_SUSPICIOUS_MOVES = YES;
				CLANG_WARN_UNREACHABLE_CODE = YES;
				CLANG_WARN__DUPLICATE_METHOD_MATCH = YES;
				"CODE_SIGN_IDENTITY[sdk=iphoneos*]" = "iPhone Developer";
				COPY_PHASE_STRIP = NO;
				DEBUG_INFORMATION_FORMAT = dwarf;
				ENABLE_STRICT_OBJC_MSGSEND = YES;
				ENABLE_TESTABILITY = YES;
				GCC_C_LANGUAGE_STANDARD = gnu99;
				GCC_DYNAMIC_NO_PIC = NO;
				GCC_NO_COMMON_BLOCKS = YES;
				GCC_OPTIMIZATION_LEVEL = 0;
				GCC_PREPROCESSOR_DEFINITIONS = (
					"DEBUG=1",
					"$(inherited)",
				);
				GCC_WARN_64_TO_32_BIT_CONVERSION = YES;
				GCC_WARN_ABOUT_RETURN_TYPE = YES_ERROR;
				GCC_WARN_UNDECLARED_SELECTOR = YES;
				GCC_WARN_UNINITIALIZED_AUTOS = YES_AGGRESSIVE;
				GCC_WARN_UNUSED_FUNCTION = YES;
				GCC_WARN_UNUSED_VARIABLE = YES;
				IPHONEOS_DEPLOYMENT_TARGET = 10.0;
				MTL_ENABLE_DEBUG_INFO = YES;
				ONLY_ACTIVE_ARCH = YES;
				PRODUCT_NAME = things;
				SDKROOT = iphoneos;
				SWIFT_ACTIVE_COMPILATION_CONDITIONS = DEBUG;
				SWIFT_OPTIMIZATION_LEVEL = "-Onone";
				TARGETED_DEVICE_FAMILY = "1,2";
			};
			name = Debug;
		};
		14F99E281E1E7EA1008D6DAE /* Release */ = {
			isa = XCBuildConfiguration;
			buildSettings = {
				ALWAYS_SEARCH_USER_PATHS = NO;
				CLANG_ANALYZER_LOCALIZABILITY_NONLOCALIZED = YES;
				CLANG_ANALYZER_NONNULL = YES;
				CLANG_CXX_LANGUAGE_STANDARD = "gnu++0x";
				CLANG_CXX_LIBRARY = "libc++";
				CLANG_ENABLE_MODULES = YES;
				CLANG_ENABLE_OBJC_ARC = YES;
				CLANG_WARN_BLOCK_CAPTURE_AUTORELEASING = YES;
				CLANG_WARN_BOOL_CONVERSION = YES;
				CLANG_WARN_COMMA = YES;
				CLANG_WARN_CONSTANT_CONVERSION = YES;
				CLANG_WARN_DEPRECATED_OBJC_IMPLEMENTATIONS = YES;
				CLANG_WARN_DIRECT_OBJC_ISA_USAGE = YES_ERROR;
				CLANG_WARN_DOCUMENTATION_COMMENTS = YES;
				CLANG_WARN_EMPTY_BODY = YES;
				CLANG_WARN_ENUM_CONVERSION = YES;
				CLANG_WARN_INFINITE_RECURSION = YES;
				CLANG_WARN_INT_CONVERSION = YES;
				CLANG_WARN_NON_LITERAL_NULL_CONVERSION = YES;
				CLANG_WARN_OBJC_IMPLICIT_RETAIN_SELF = YES;
				CLANG_WARN_OBJC_LITERAL_CONVERSION = YES;
				CLANG_WARN_OBJC_ROOT_CLASS = YES_ERROR;
				CLANG_WARN_RANGE_LOOP_ANALYSIS = YES;
				CLANG_WARN_STRICT_PROTOTYPES = YES;
				CLANG_WARN_SUSPICIOUS_MOVE = YES;
				CLANG_WARN_SUSPICIOUS_MOVES = YES;
				CLANG_WARN_UNREACHABLE_CODE = YES;
				CLANG_WARN__DUPLICATE_METHOD_MATCH = YES;
				"CODE_SIGN_IDENTITY[sdk=iphoneos*]" = "iPhone Developer";
				COPY_PHASE_STRIP = NO;
				DEBUG_INFORMATION_FORMAT = "dwarf-with-dsym";
				ENABLE_NS_ASSERTIONS = NO;
				ENABLE_STRICT_OBJC_MSGSEND = YES;
				GCC_C_LANGUAGE_STANDARD = gnu99;
				GCC_NO_COMMON_BLOCKS = YES;
				GCC_WARN_64_TO_32_BIT_CONVERSION = YES;
				GCC_WARN_ABOUT_RETURN_TYPE = YES_ERROR;
				GCC_WARN_UNDECLARED_SELECTOR = YES;
				GCC_WARN_UNINITIALIZED_AUTOS = YES_AGGRESSIVE;
				GCC_WARN_UNUSED_FUNCTION = YES;
				GCC_WARN_UNUSED_VARIABLE = YES;
				IPHONEOS_DEPLOYMENT_TARGET = 10.0;
				MTL_ENABLE_DEBUG_INFO = NO;
				PRODUCT_NAME = things;
				SDKROOT = iphoneos;
				SWIFT_OPTIMIZATION_LEVEL = "-Owholemodule";
				TARGETED_DEVICE_FAMILY = "1,2";
				VALIDATE_PRODUCT = YES;
			};
			name = Release;
		};
		14F99E2A1E1E7EA1008D6DAE /* Debug */ = {
			isa = XCBuildConfiguration;
			buildSettings = {
				ALWAYS_EMBED_SWIFT_STANDARD_LIBRARIES = YES;
				ASSETCATALOG_COMPILER_APPICON_NAME = AppIcon;
				CLANG_ENABLE_MODULES = YES;
				CODE_SIGN_ENTITLEMENTS = 3things/3things.entitlements;
				CODE_SIGN_IDENTITY = "iPhone Developer";
				"CODE_SIGN_IDENTITY[sdk=iphoneos*]" = "iPhone Developer";
				CODE_SIGN_STYLE = Automatic;
				DEVELOPMENT_TEAM = "";
				INFOPLIST_FILE = 3things/Info.plist;
				IPHONEOS_DEPLOYMENT_TARGET = 10.0;
				LD_RUNPATH_SEARCH_PATHS = "$(inherited) @executable_path/Frameworks";
				PRODUCT_BUNDLE_IDENTIFIER = net.mcmains.things;
				PRODUCT_NAME = "$(TARGET_NAME)";
				PROVISIONING_PROFILE = "";
				PROVISIONING_PROFILE_SPECIFIER = "";
				SWIFT_OBJC_BRIDGING_HEADER = "3things/3things-Bridging-Header.h";
				SWIFT_OPTIMIZATION_LEVEL = "-Onone";
				SWIFT_SWIFT3_OBJC_INFERENCE = Default;
				SWIFT_VERSION = 5.0;
			};
			name = Debug;
		};
		14F99E2B1E1E7EA1008D6DAE /* Release */ = {
			isa = XCBuildConfiguration;
			buildSettings = {
				ALWAYS_EMBED_SWIFT_STANDARD_LIBRARIES = YES;
				ASSETCATALOG_COMPILER_APPICON_NAME = AppIcon;
				CLANG_ENABLE_MODULES = YES;
				CODE_SIGN_ENTITLEMENTS = 3things/3things.entitlements;
				CODE_SIGN_IDENTITY = "iPhone Developer";
				"CODE_SIGN_IDENTITY[sdk=iphoneos*]" = "iPhone Distribution";
				CODE_SIGN_STYLE = Automatic;
				DEVELOPMENT_TEAM = "";
				INFOPLIST_FILE = 3things/Info.plist;
				IPHONEOS_DEPLOYMENT_TARGET = 10.0;
				LD_RUNPATH_SEARCH_PATHS = "$(inherited) @executable_path/Frameworks";
				PRODUCT_BUNDLE_IDENTIFIER = net.mcmains.things;
				PRODUCT_NAME = "$(TARGET_NAME)";
				PROVISIONING_PROFILE = "";
				PROVISIONING_PROFILE_SPECIFIER = "";
				SWIFT_OBJC_BRIDGING_HEADER = "3things/3things-Bridging-Header.h";
				SWIFT_SWIFT3_OBJC_INFERENCE = Default;
				SWIFT_VERSION = 5.0;
			};
			name = Release;
		};
		14F99E2D1E1E7EA1008D6DAE /* Debug */ = {
			isa = XCBuildConfiguration;
			buildSettings = {
				ALWAYS_EMBED_SWIFT_STANDARD_LIBRARIES = YES;
				BUNDLE_LOADER = "$(TEST_HOST)";
				"CODE_SIGN_IDENTITY[sdk=iphoneos*]" = "iPhone Developer";
				DEVELOPMENT_TEAM = 4U7FD3V45R;
				INFOPLIST_FILE = 3thingsTests/Info.plist;
				LD_RUNPATH_SEARCH_PATHS = "$(inherited) @executable_path/Frameworks @loader_path/Frameworks";
				PRODUCT_BUNDLE_IDENTIFIER = "net.mcmains.-thingsTests";
				PRODUCT_NAME = "$(TARGET_NAME)";
				SWIFT_SWIFT3_OBJC_INFERENCE = On;
				SWIFT_VERSION = 5.0;
				TEST_HOST = "$(BUILT_PRODUCTS_DIR)/3things.app/3things";
			};
			name = Debug;
		};
		14F99E2E1E1E7EA1008D6DAE /* Release */ = {
			isa = XCBuildConfiguration;
			buildSettings = {
				ALWAYS_EMBED_SWIFT_STANDARD_LIBRARIES = YES;
				BUNDLE_LOADER = "$(TEST_HOST)";
				"CODE_SIGN_IDENTITY[sdk=iphoneos*]" = "iPhone Developer";
				DEVELOPMENT_TEAM = "";
				INFOPLIST_FILE = 3thingsTests/Info.plist;
				LD_RUNPATH_SEARCH_PATHS = "$(inherited) @executable_path/Frameworks @loader_path/Frameworks";
				PRODUCT_BUNDLE_IDENTIFIER = "net.mcmains.-thingsTests";
				PRODUCT_NAME = "$(TARGET_NAME)";
				SWIFT_SWIFT3_OBJC_INFERENCE = On;
				SWIFT_VERSION = 5.0;
				TEST_HOST = "$(BUILT_PRODUCTS_DIR)/3things.app/3things";
			};
			name = Release;
		};
		14F99E301E1E7EA1008D6DAE /* Debug */ = {
			isa = XCBuildConfiguration;
			buildSettings = {
				ALWAYS_EMBED_SWIFT_STANDARD_LIBRARIES = YES;
				INFOPLIST_FILE = 3thingsUITests/Info.plist;
				LD_RUNPATH_SEARCH_PATHS = "$(inherited) @executable_path/Frameworks @loader_path/Frameworks";
				PRODUCT_BUNDLE_IDENTIFIER = "net.mcmains.-thingsUITests";
				PRODUCT_NAME = "$(TARGET_NAME)";
				SWIFT_SWIFT3_OBJC_INFERENCE = On;
				SWIFT_VERSION = 5.0;
				TEST_TARGET_NAME = 3things;
			};
			name = Debug;
		};
		14F99E311E1E7EA1008D6DAE /* Release */ = {
			isa = XCBuildConfiguration;
			buildSettings = {
				ALWAYS_EMBED_SWIFT_STANDARD_LIBRARIES = YES;
				INFOPLIST_FILE = 3thingsUITests/Info.plist;
				LD_RUNPATH_SEARCH_PATHS = "$(inherited) @executable_path/Frameworks @loader_path/Frameworks";
				PRODUCT_BUNDLE_IDENTIFIER = "net.mcmains.-thingsUITests";
				PRODUCT_NAME = "$(TARGET_NAME)";
				SWIFT_SWIFT3_OBJC_INFERENCE = On;
				SWIFT_VERSION = 5.0;
				TEST_TARGET_NAME = 3things;
			};
			name = Release;
		};
		14F99E4A1E1FF831008D6DAE /* Debug */ = {
			isa = XCBuildConfiguration;
			buildSettings = {
				CODE_SIGN_ENTITLEMENTS = "3things Today/3things Today.entitlements";
				CODE_SIGN_IDENTITY = "iPhone Developer";
				"CODE_SIGN_IDENTITY[sdk=iphoneos*]" = "iPhone Developer";
				CODE_SIGN_STYLE = Automatic;
				DEVELOPMENT_TEAM = "";
				INFOPLIST_FILE = "3things Today/Info.plist";
				LD_RUNPATH_SEARCH_PATHS = "$(inherited) @executable_path/Frameworks @executable_path/../../Frameworks";
				PRODUCT_BUNDLE_IDENTIFIER = "net.mcmains.things.things-Today";
				PRODUCT_NAME = "$(TARGET_NAME)";
				PROVISIONING_PROFILE = "";
				PROVISIONING_PROFILE_SPECIFIER = "";
				SKIP_INSTALL = YES;
				SWIFT_OBJC_BRIDGING_HEADER = "3things/3things-Bridging-Header.h";
				SWIFT_SWIFT3_OBJC_INFERENCE = Default;
				SWIFT_VERSION = 5.0;
			};
			name = Debug;
		};
		14F99E4B1E1FF831008D6DAE /* Release */ = {
			isa = XCBuildConfiguration;
			buildSettings = {
				CODE_SIGN_ENTITLEMENTS = "3things Today/3things Today.entitlements";
				CODE_SIGN_IDENTITY = "iPhone Developer";
				"CODE_SIGN_IDENTITY[sdk=iphoneos*]" = "iPhone Distribution";
				CODE_SIGN_STYLE = Automatic;
				DEVELOPMENT_TEAM = "";
				INFOPLIST_FILE = "3things Today/Info.plist";
				LD_RUNPATH_SEARCH_PATHS = "$(inherited) @executable_path/Frameworks @executable_path/../../Frameworks";
				PRODUCT_BUNDLE_IDENTIFIER = "net.mcmains.things.things-Today";
				PRODUCT_NAME = "$(TARGET_NAME)";
				PROVISIONING_PROFILE = "";
				PROVISIONING_PROFILE_SPECIFIER = "";
				SKIP_INSTALL = YES;
				SWIFT_OBJC_BRIDGING_HEADER = "3things/3things-Bridging-Header.h";
				SWIFT_SWIFT3_OBJC_INFERENCE = Default;
				SWIFT_VERSION = 5.0;
			};
			name = Release;
		};
		32FFF1451E38F8CF006554D0 /* Debug */ = {
			isa = XCBuildConfiguration;
			buildSettings = {
				DEVELOPMENT_TEAM = 4U7FD3V45R;
				INFOPLIST_FILE = 3thingsScreenshots/Info.plist;
				IPHONEOS_DEPLOYMENT_TARGET = 10.2;
				LD_RUNPATH_SEARCH_PATHS = "$(inherited) @executable_path/Frameworks @loader_path/Frameworks";
				PRODUCT_BUNDLE_IDENTIFIER = "net.mcmains.-thingsScreenshots";
				PRODUCT_NAME = "$(TARGET_NAME)";
				PROVISIONING_PROFILE = "96c4cab7-675f-4437-aa0c-169e039ff392";
				SWIFT_VERSION = 3.0;
				TEST_TARGET_NAME = 3things;
			};
			name = Debug;
		};
		32FFF1461E38F8CF006554D0 /* Release */ = {
			isa = XCBuildConfiguration;
			buildSettings = {
				DEVELOPMENT_TEAM = 4U7FD3V45R;
				INFOPLIST_FILE = 3thingsScreenshots/Info.plist;
				IPHONEOS_DEPLOYMENT_TARGET = 10.2;
				LD_RUNPATH_SEARCH_PATHS = "$(inherited) @executable_path/Frameworks @loader_path/Frameworks";
				PRODUCT_BUNDLE_IDENTIFIER = "net.mcmains.-thingsScreenshots";
				PRODUCT_NAME = "$(TARGET_NAME)";
				PROVISIONING_PROFILE = "96c4cab7-675f-4437-aa0c-169e039ff392";
				SWIFT_VERSION = 3.0;
				TEST_TARGET_NAME = 3things;
			};
			name = Release;
		};
/* End XCBuildConfiguration section */

/* Begin XCConfigurationList section */
		14F99DFC1E1E7EA1008D6DAE /* Build configuration list for PBXProject "3things" */ = {
			isa = XCConfigurationList;
			buildConfigurations = (
				14F99E271E1E7EA1008D6DAE /* Debug */,
				14F99E281E1E7EA1008D6DAE /* Release */,
			);
			defaultConfigurationIsVisible = 0;
			defaultConfigurationName = Release;
		};
		14F99E291E1E7EA1008D6DAE /* Build configuration list for PBXNativeTarget "3things" */ = {
			isa = XCConfigurationList;
			buildConfigurations = (
				14F99E2A1E1E7EA1008D6DAE /* Debug */,
				14F99E2B1E1E7EA1008D6DAE /* Release */,
			);
			defaultConfigurationIsVisible = 0;
			defaultConfigurationName = Release;
		};
		14F99E2C1E1E7EA1008D6DAE /* Build configuration list for PBXNativeTarget "3thingsTests" */ = {
			isa = XCConfigurationList;
			buildConfigurations = (
				14F99E2D1E1E7EA1008D6DAE /* Debug */,
				14F99E2E1E1E7EA1008D6DAE /* Release */,
			);
			defaultConfigurationIsVisible = 0;
			defaultConfigurationName = Release;
		};
		14F99E2F1E1E7EA1008D6DAE /* Build configuration list for PBXNativeTarget "3thingsUITests" */ = {
			isa = XCConfigurationList;
			buildConfigurations = (
				14F99E301E1E7EA1008D6DAE /* Debug */,
				14F99E311E1E7EA1008D6DAE /* Release */,
			);
			defaultConfigurationIsVisible = 0;
			defaultConfigurationName = Release;
		};
		14F99E491E1FF831008D6DAE /* Build configuration list for PBXNativeTarget "3things Today" */ = {
			isa = XCConfigurationList;
			buildConfigurations = (
				14F99E4A1E1FF831008D6DAE /* Debug */,
				14F99E4B1E1FF831008D6DAE /* Release */,
			);
			defaultConfigurationIsVisible = 0;
			defaultConfigurationName = Release;
		};
		32FFF1441E38F8CF006554D0 /* Build configuration list for PBXNativeTarget "3thingsScreenshots" */ = {
			isa = XCConfigurationList;
			buildConfigurations = (
				32FFF1451E38F8CF006554D0 /* Debug */,
				32FFF1461E38F8CF006554D0 /* Release */,
			);
			defaultConfigurationIsVisible = 0;
			defaultConfigurationName = Release;
		};
/* End XCConfigurationList section */
	};
	rootObject = 14F99DF91E1E7EA1008D6DAE /* Project object */;
}
